// !$*UTF8*$!
{
	archiveVersion = 1;
	classes = {
	};
	objectVersion = 46;
	objects = {

/* Begin PBXBuildFile section */
		22092D861D5C5BCB0016E757 /* NavHintView.swift in Sources */ = {isa = PBXBuildFile; fileRef = 22092D851D5C5BCB0016E757 /* NavHintView.swift */; };
		220C334A1D3DE1F40043A885 /* OnboardView.swift in Sources */ = {isa = PBXBuildFile; fileRef = 220C33491D3DE1F40043A885 /* OnboardView.swift */; };
		221324A71EAFFFD700FB22C9 /* CellDateLabel.swift in Sources */ = {isa = PBXBuildFile; fileRef = 221324A61EAFFFD700FB22C9 /* CellDateLabel.swift */; };
		2252019E1D3DD648009E45FA /* AppDelegate.swift in Sources */ = {isa = PBXBuildFile; fileRef = 225201941D3DD648009E45FA /* AppDelegate.swift */; };
		2252019F1D3DD648009E45FA /* iOS.xcassets in Resources */ = {isa = PBXBuildFile; fileRef = 225201951D3DD648009E45FA /* iOS.xcassets */; };
		225201A01D3DD648009E45FA /* LaunchScreen.storyboard in Resources */ = {isa = PBXBuildFile; fileRef = 225201961D3DD648009E45FA /* LaunchScreen.storyboard */; };
		225201A21D3DD648009E45FA /* RealmColor.swift in Sources */ = {isa = PBXBuildFile; fileRef = 225201991D3DD648009E45FA /* RealmColor.swift */; };
		225201A31D3DD648009E45FA /* TableViewCell.swift in Sources */ = {isa = PBXBuildFile; fileRef = 2252019A1D3DD648009E45FA /* TableViewCell.swift */; };
		225201A41D3DD648009E45FA /* Models.swift in Sources */ = {isa = PBXBuildFile; fileRef = 2252019B1D3DD648009E45FA /* Models.swift */; };
		225201A51D3DD648009E45FA /* CellTextView.swift in Sources */ = {isa = PBXBuildFile; fileRef = 2252019C1D3DD648009E45FA /* CellTextView.swift */; };
		225201A61D3DD648009E45FA /* ViewController.swift in Sources */ = {isa = PBXBuildFile; fileRef = 2252019D1D3DD648009E45FA /* ViewController.swift */; };
		9C24AA071D8FEEB500192CE3 /* CellPresenter.swift in Sources */ = {isa = PBXBuildFile; fileRef = 9C24AA061D8FEEB500192CE3 /* CellPresenter.swift */; };
		9C24AA0B1D8FFC0400192CE3 /* TablePresenter.swift in Sources */ = {isa = PBXBuildFile; fileRef = 9C24AA0A1D8FFC0400192CE3 /* TablePresenter.swift */; };
		9C24AA0D1D8FFEA200192CE3 /* ListPresenter.swift in Sources */ = {isa = PBXBuildFile; fileRef = 9C24AA0C1D8FFEA200192CE3 /* ListPresenter.swift */; };
		9CDF4F1D1D9E73AF00EC051B /* ViewControllerProtocol.swift in Sources */ = {isa = PBXBuildFile; fileRef = 9CDF4F1C1D9E73AF00EC051B /* ViewControllerProtocol.swift */; };
		9CDF4F1F1D9E745300EC051B /* UIView+constraints.swift in Sources */ = {isa = PBXBuildFile; fileRef = 9CDF4F1E1D9E745300EC051B /* UIView+constraints.swift */; };
		C23EB02D1D4635C400D3E0AC /* Shared.xcassets in Resources */ = {isa = PBXBuildFile; fileRef = C23EB02C1D4635C400D3E0AC /* Shared.xcassets */; };
		C23EB0381D4643B900D3E0AC /* Constants.swift in Sources */ = {isa = PBXBuildFile; fileRef = C23EB0371D4643B900D3E0AC /* Constants.swift */; };
		C2E472201D3FDF2E00276542 /* LocalIPAddress.swift in Sources */ = {isa = PBXBuildFile; fileRef = C2E4721F1D3FDF2E00276542 /* LocalIPAddress.swift */; };
		C2E981E81DB4F27300288A2B /* NSAttributedString+Strikethrough.swift in Sources */ = {isa = PBXBuildFile; fileRef = C2E981E71DB4F27300288A2B /* NSAttributedString+Strikethrough.swift */; };
		E7C58C561EEEC33D00E73782 /* ZeroKitAuth.swift in Sources */ = {isa = PBXBuildFile; fileRef = E7C58C551EEEC33D00E73782 /* ZeroKitAuth.swift */; };
		E7C58C611EEEC4FD00E73782 /* ZeroKit.framework in Frameworks */ = {isa = PBXBuildFile; fileRef = E7C58C5E1EEEC4EC00E73782 /* ZeroKit.framework */; };
		E7C58C621EEEC4FD00E73782 /* ZeroKit.framework in Embed Frameworks */ = {isa = PBXBuildFile; fileRef = E7C58C5E1EEEC4EC00E73782 /* ZeroKit.framework */; settings = {ATTRIBUTES = (CodeSignOnCopy, RemoveHeadersOnCopy, ); }; };
		E7C58C671EEECA5F00E73782 /* Backend.swift in Sources */ = {isa = PBXBuildFile; fileRef = E7C58C661EEECA5F00E73782 /* Backend.swift */; };
		E7C58C691EEECB4600E73782 /* ZeroKitManager.swift in Sources */ = {isa = PBXBuildFile; fileRef = E7C58C681EEECB4600E73782 /* ZeroKitManager.swift */; };
		E7C58C6B1EEED35300E73782 /* Config.plist in Resources */ = {isa = PBXBuildFile; fileRef = E7C58C6A1EEED35300E73782 /* Config.plist */; };
		E7C58C6D1EF0021800E73782 /* Main.storyboard in Resources */ = {isa = PBXBuildFile; fileRef = E7C58C6C1EF0021800E73782 /* Main.storyboard */; };
		E8A1E6501D59354500D8B04A /* ContainerViewController.swift in Sources */ = {isa = PBXBuildFile; fileRef = E8A1E64F1D59354500D8B04A /* ContainerViewController.swift */; };
		E8A1E6521D59360A00D8B04A /* SharedFunctionality.swift in Sources */ = {isa = PBXBuildFile; fileRef = E8A1E6511D59360A00D8B04A /* SharedFunctionality.swift */; };
		FF0E3E58E9D099F7E36AAB6F /* Pods_RealmTasks_RealmTasks_iOS.framework in Frameworks */ = {isa = PBXBuildFile; fileRef = A0F0C2CAF892AF7AD2EF7F65 /* Pods_RealmTasks_RealmTasks_iOS.framework */; };
/* End PBXBuildFile section */

/* Begin PBXContainerItemProxy section */
		E7C58C5D1EEEC4EC00E73782 /* PBXContainerItemProxy */ = {
			isa = PBXContainerItemProxy;
			containerPortal = E7C58C571EEEC4EC00E73782 /* ZeroKit.xcodeproj */;
			proxyType = 2;
			remoteGlobalIDString = E762F0601D9C193500170D9F;
			remoteInfo = ZeroKit;
		};
		E7C58C5F1EEEC4EC00E73782 /* PBXContainerItemProxy */ = {
			isa = PBXContainerItemProxy;
			containerPortal = E7C58C571EEEC4EC00E73782 /* ZeroKit.xcodeproj */;
			proxyType = 2;
			remoteGlobalIDString = E7C57F401EC071C000F145DD;
			remoteInfo = ZeroKitTests;
		};
		E7C58C631EEEC4FD00E73782 /* PBXContainerItemProxy */ = {
			isa = PBXContainerItemProxy;
			containerPortal = E7C58C571EEEC4EC00E73782 /* ZeroKit.xcodeproj */;
			proxyType = 1;
			remoteGlobalIDString = E762F05F1D9C193500170D9F;
			remoteInfo = ZeroKit;
		};
/* End PBXContainerItemProxy section */

/* Begin PBXCopyFilesBuildPhase section */
		E7C58C651EEEC4FD00E73782 /* Embed Frameworks */ = {
			isa = PBXCopyFilesBuildPhase;
			buildActionMask = 2147483647;
			dstPath = "";
			dstSubfolderSpec = 10;
			files = (
				E7C58C621EEEC4FD00E73782 /* ZeroKit.framework in Embed Frameworks */,
			);
			name = "Embed Frameworks";
			runOnlyForDeploymentPostprocessing = 0;
		};
/* End PBXCopyFilesBuildPhase section */

/* Begin PBXFileReference section */
		17DA89361AD60841411CAFF7 /* Pods-RealmTasks-RealmTasks iOS.debug.xcconfig */ = {isa = PBXFileReference; includeInIndex = 1; lastKnownFileType = text.xcconfig; name = "Pods-RealmTasks-RealmTasks iOS.debug.xcconfig"; path = "Pods/Target Support Files/Pods-RealmTasks-RealmTasks iOS/Pods-RealmTasks-RealmTasks iOS.debug.xcconfig"; sourceTree = "<group>"; };
		22092D851D5C5BCB0016E757 /* NavHintView.swift */ = {isa = PBXFileReference; fileEncoding = 4; lastKnownFileType = sourcecode.swift; path = NavHintView.swift; sourceTree = "<group>"; };
		220C33491D3DE1F40043A885 /* OnboardView.swift */ = {isa = PBXFileReference; fileEncoding = 4; lastKnownFileType = sourcecode.swift; path = OnboardView.swift; sourceTree = "<group>"; };
		221324A61EAFFFD700FB22C9 /* CellDateLabel.swift */ = {isa = PBXFileReference; fileEncoding = 4; lastKnownFileType = sourcecode.swift; path = CellDateLabel.swift; sourceTree = "<group>"; };
		225201941D3DD648009E45FA /* AppDelegate.swift */ = {isa = PBXFileReference; fileEncoding = 4; lastKnownFileType = sourcecode.swift; path = AppDelegate.swift; sourceTree = "<group>"; };
		225201951D3DD648009E45FA /* iOS.xcassets */ = {isa = PBXFileReference; lastKnownFileType = folder.assetcatalog; path = iOS.xcassets; sourceTree = "<group>"; };
		225201971D3DD648009E45FA /* Base */ = {isa = PBXFileReference; lastKnownFileType = file.storyboard; name = Base; path = Base.lproj/LaunchScreen.storyboard; sourceTree = "<group>"; };
		225201981D3DD648009E45FA /* Info.plist */ = {isa = PBXFileReference; fileEncoding = 4; lastKnownFileType = text.plist.xml; path = Info.plist; sourceTree = "<group>"; };
		225201991D3DD648009E45FA /* RealmColor.swift */ = {isa = PBXFileReference; fileEncoding = 4; lastKnownFileType = sourcecode.swift; path = RealmColor.swift; sourceTree = "<group>"; };
		2252019A1D3DD648009E45FA /* TableViewCell.swift */ = {isa = PBXFileReference; fileEncoding = 4; lastKnownFileType = sourcecode.swift; path = TableViewCell.swift; sourceTree = "<group>"; };
		2252019B1D3DD648009E45FA /* Models.swift */ = {isa = PBXFileReference; fileEncoding = 4; lastKnownFileType = sourcecode.swift; path = Models.swift; sourceTree = "<group>"; };
		2252019C1D3DD648009E45FA /* CellTextView.swift */ = {isa = PBXFileReference; fileEncoding = 4; lastKnownFileType = sourcecode.swift; path = CellTextView.swift; sourceTree = "<group>"; };
		2252019D1D3DD648009E45FA /* ViewController.swift */ = {isa = PBXFileReference; fileEncoding = 4; lastKnownFileType = sourcecode.swift; path = ViewController.swift; sourceTree = "<group>"; };
		22FEFEBB1D91789B00523E21 /* RealmTasks-iOS.entitlements */ = {isa = PBXFileReference; fileEncoding = 4; lastKnownFileType = text.plist.entitlements; path = "RealmTasks-iOS.entitlements"; sourceTree = "<group>"; };
		6825C45F005C0209E5FD021F /* Pods-RealmTasks-RealmTasks iOS Tests.release.xcconfig */ = {isa = PBXFileReference; includeInIndex = 1; lastKnownFileType = text.xcconfig; name = "Pods-RealmTasks-RealmTasks iOS Tests.release.xcconfig"; path = "Pods/Target Support Files/Pods-RealmTasks-RealmTasks iOS Tests/Pods-RealmTasks-RealmTasks iOS Tests.release.xcconfig"; sourceTree = "<group>"; };
		7CDE17C56B10A7B144574437 /* Pods-RealmTasks-RealmTasks macOS.release.xcconfig */ = {isa = PBXFileReference; includeInIndex = 1; lastKnownFileType = text.xcconfig; name = "Pods-RealmTasks-RealmTasks macOS.release.xcconfig"; path = "Pods/Target Support Files/Pods-RealmTasks-RealmTasks macOS/Pods-RealmTasks-RealmTasks macOS.release.xcconfig"; sourceTree = "<group>"; };
		8AC1AE58FBA72939A20FD0A8 /* Pods-RealmTasks-RealmTasks macOS.debug.xcconfig */ = {isa = PBXFileReference; includeInIndex = 1; lastKnownFileType = text.xcconfig; name = "Pods-RealmTasks-RealmTasks macOS.debug.xcconfig"; path = "Pods/Target Support Files/Pods-RealmTasks-RealmTasks macOS/Pods-RealmTasks-RealmTasks macOS.debug.xcconfig"; sourceTree = "<group>"; };
		9C24AA061D8FEEB500192CE3 /* CellPresenter.swift */ = {isa = PBXFileReference; fileEncoding = 4; lastKnownFileType = sourcecode.swift; path = CellPresenter.swift; sourceTree = "<group>"; };
		9C24AA0A1D8FFC0400192CE3 /* TablePresenter.swift */ = {isa = PBXFileReference; fileEncoding = 4; lastKnownFileType = sourcecode.swift; path = TablePresenter.swift; sourceTree = "<group>"; };
		9C24AA0C1D8FFEA200192CE3 /* ListPresenter.swift */ = {isa = PBXFileReference; fileEncoding = 4; lastKnownFileType = sourcecode.swift; path = ListPresenter.swift; sourceTree = "<group>"; };
		9CDF4F1C1D9E73AF00EC051B /* ViewControllerProtocol.swift */ = {isa = PBXFileReference; fileEncoding = 4; lastKnownFileType = sourcecode.swift; path = ViewControllerProtocol.swift; sourceTree = "<group>"; };
		9CDF4F1E1D9E745300EC051B /* UIView+constraints.swift */ = {isa = PBXFileReference; fileEncoding = 4; lastKnownFileType = sourcecode.swift; path = "UIView+constraints.swift"; sourceTree = "<group>"; };
		A0F0C2CAF892AF7AD2EF7F65 /* Pods_RealmTasks_RealmTasks_iOS.framework */ = {isa = PBXFileReference; explicitFileType = wrapper.framework; includeInIndex = 0; path = Pods_RealmTasks_RealmTasks_iOS.framework; sourceTree = BUILT_PRODUCTS_DIR; };
		C23EB02C1D4635C400D3E0AC /* Shared.xcassets */ = {isa = PBXFileReference; lastKnownFileType = folder.assetcatalog; path = Shared.xcassets; sourceTree = "<group>"; };
		C23EB0371D4643B900D3E0AC /* Constants.swift */ = {isa = PBXFileReference; fileEncoding = 4; lastKnownFileType = sourcecode.swift; path = Constants.swift; sourceTree = "<group>"; };
		C2E4721F1D3FDF2E00276542 /* LocalIPAddress.swift */ = {isa = PBXFileReference; fileEncoding = 4; lastKnownFileType = sourcecode.swift; path = LocalIPAddress.swift; sourceTree = "<group>"; };
		C2E981E71DB4F27300288A2B /* NSAttributedString+Strikethrough.swift */ = {isa = PBXFileReference; fileEncoding = 4; lastKnownFileType = sourcecode.swift; path = "NSAttributedString+Strikethrough.swift"; sourceTree = "<group>"; };
		E7C58C551EEEC33D00E73782 /* ZeroKitAuth.swift */ = {isa = PBXFileReference; fileEncoding = 4; lastKnownFileType = sourcecode.swift; path = ZeroKitAuth.swift; sourceTree = "<group>"; };
		E7C58C571EEEC4EC00E73782 /* ZeroKit.xcodeproj */ = {isa = PBXFileReference; lastKnownFileType = "wrapper.pb-project"; name = ZeroKit.xcodeproj; path = ZeroKitSDK/ZeroKit.xcodeproj; sourceTree = "<group>"; };
		E7C58C661EEECA5F00E73782 /* Backend.swift */ = {isa = PBXFileReference; fileEncoding = 4; lastKnownFileType = sourcecode.swift; name = Backend.swift; path = ZeroKitSDK/Example/ZeroKitExample/Backend/Backend.swift; sourceTree = SOURCE_ROOT; };
		E7C58C681EEECB4600E73782 /* ZeroKitManager.swift */ = {isa = PBXFileReference; fileEncoding = 4; lastKnownFileType = sourcecode.swift; path = ZeroKitManager.swift; sourceTree = "<group>"; };
		E7C58C6A1EEED35300E73782 /* Config.plist */ = {isa = PBXFileReference; fileEncoding = 4; lastKnownFileType = text.plist.xml; path = Config.plist; sourceTree = "<group>"; };
		E7C58C6C1EF0021800E73782 /* Main.storyboard */ = {isa = PBXFileReference; fileEncoding = 4; lastKnownFileType = file.storyboard; path = Main.storyboard; sourceTree = "<group>"; };
		E84CF2B11CBC408000082C1A /* RealmTasks.app */ = {isa = PBXFileReference; explicitFileType = wrapper.application; includeInIndex = 0; path = RealmTasks.app; sourceTree = BUILT_PRODUCTS_DIR; };
		E8A1E64F1D59354500D8B04A /* ContainerViewController.swift */ = {isa = PBXFileReference; fileEncoding = 4; lastKnownFileType = sourcecode.swift; path = ContainerViewController.swift; sourceTree = "<group>"; };
		E8A1E6511D59360A00D8B04A /* SharedFunctionality.swift */ = {isa = PBXFileReference; fileEncoding = 4; lastKnownFileType = sourcecode.swift; path = SharedFunctionality.swift; sourceTree = "<group>"; };
		EDC6CD4F38C58ED9185076BF /* Pods-RealmTasks-RealmTasks iOS.release.xcconfig */ = {isa = PBXFileReference; includeInIndex = 1; lastKnownFileType = text.xcconfig; name = "Pods-RealmTasks-RealmTasks iOS.release.xcconfig"; path = "Pods/Target Support Files/Pods-RealmTasks-RealmTasks iOS/Pods-RealmTasks-RealmTasks iOS.release.xcconfig"; sourceTree = "<group>"; };
		F3712636E8D982D018984234 /* Pods-RealmTasks-RealmTasks iOS Tests.debug.xcconfig */ = {isa = PBXFileReference; includeInIndex = 1; lastKnownFileType = text.xcconfig; name = "Pods-RealmTasks-RealmTasks iOS Tests.debug.xcconfig"; path = "Pods/Target Support Files/Pods-RealmTasks-RealmTasks iOS Tests/Pods-RealmTasks-RealmTasks iOS Tests.debug.xcconfig"; sourceTree = "<group>"; };
/* End PBXFileReference section */

/* Begin PBXFrameworksBuildPhase section */
		E84CF2AE1CBC408000082C1A /* Frameworks */ = {
			isa = PBXFrameworksBuildPhase;
			buildActionMask = 2147483647;
			files = (
				FF0E3E58E9D099F7E36AAB6F /* Pods_RealmTasks_RealmTasks_iOS.framework in Frameworks */,
				E7C58C611EEEC4FD00E73782 /* ZeroKit.framework in Frameworks */,
			);
			runOnlyForDeploymentPostprocessing = 0;
		};
/* End PBXFrameworksBuildPhase section */

/* Begin PBXGroup section */
		225201931D3DD648009E45FA /* RealmTasks iOS */ = {
			isa = PBXGroup;
			children = (
				22FEFEBB1D91789B00523E21 /* RealmTasks-iOS.entitlements */,
				225201941D3DD648009E45FA /* AppDelegate.swift */,
				225201981D3DD648009E45FA /* Info.plist */,
				225201951D3DD648009E45FA /* iOS.xcassets */,
				225201961D3DD648009E45FA /* LaunchScreen.storyboard */,
				E7C58C6C1EF0021800E73782 /* Main.storyboard */,
				E8A1E64F1D59354500D8B04A /* ContainerViewController.swift */,
				9CDF4F201D9E780100EC051B /* Views */,
				9C24AA031D8FED0800192CE3 /* ViewController */,
			);
			path = "RealmTasks iOS";
			sourceTree = "<group>";
		};
		81B55B6263666E5877BBC1B3 /* Frameworks */ = {
			isa = PBXGroup;
			children = (
				A0F0C2CAF892AF7AD2EF7F65 /* Pods_RealmTasks_RealmTasks_iOS.framework */,
			);
			name = Frameworks;
			sourceTree = "<group>";
		};
		9C24AA031D8FED0800192CE3 /* ViewController */ = {
			isa = PBXGroup;
			children = (
				2252019D1D3DD648009E45FA /* ViewController.swift */,
				9C24AA0C1D8FFEA200192CE3 /* ListPresenter.swift */,
				9C24AA061D8FEEB500192CE3 /* CellPresenter.swift */,
				9C24AA0A1D8FFC0400192CE3 /* TablePresenter.swift */,
				9CDF4F1C1D9E73AF00EC051B /* ViewControllerProtocol.swift */,
			);
			name = ViewController;
			sourceTree = "<group>";
		};
		9CDF4F201D9E780100EC051B /* Views */ = {
			isa = PBXGroup;
			children = (
				220C33491D3DE1F40043A885 /* OnboardView.swift */,
				2252019C1D3DD648009E45FA /* CellTextView.swift */,
				221324A61EAFFFD700FB22C9 /* CellDateLabel.swift */,
				2252019A1D3DD648009E45FA /* TableViewCell.swift */,
				22092D851D5C5BCB0016E757 /* NavHintView.swift */,
				9CDF4F1E1D9E745300EC051B /* UIView+constraints.swift */,
			);
			name = Views;
			sourceTree = "<group>";
		};
		C23EB02B1D4634B700D3E0AC /* RealmTasks Shared */ = {
			isa = PBXGroup;
			children = (
				E7C58C541EEEC27A00E73782 /* ZeroKit */,
				C23EB0371D4643B900D3E0AC /* Constants.swift */,
				C2E4721F1D3FDF2E00276542 /* LocalIPAddress.swift */,
				2252019B1D3DD648009E45FA /* Models.swift */,
				225201991D3DD648009E45FA /* RealmColor.swift */,
				C23EB02C1D4635C400D3E0AC /* Shared.xcassets */,
				E8A1E6511D59360A00D8B04A /* SharedFunctionality.swift */,
				C2E981E71DB4F27300288A2B /* NSAttributedString+Strikethrough.swift */,
			);
			path = "RealmTasks Shared";
			sourceTree = "<group>";
		};
		D9AA8E5F2CAD771B3A811596 /* Pods */ = {
			isa = PBXGroup;
			children = (
				17DA89361AD60841411CAFF7 /* Pods-RealmTasks-RealmTasks iOS.debug.xcconfig */,
				EDC6CD4F38C58ED9185076BF /* Pods-RealmTasks-RealmTasks iOS.release.xcconfig */,
				F3712636E8D982D018984234 /* Pods-RealmTasks-RealmTasks iOS Tests.debug.xcconfig */,
				6825C45F005C0209E5FD021F /* Pods-RealmTasks-RealmTasks iOS Tests.release.xcconfig */,
				8AC1AE58FBA72939A20FD0A8 /* Pods-RealmTasks-RealmTasks macOS.debug.xcconfig */,
				7CDE17C56B10A7B144574437 /* Pods-RealmTasks-RealmTasks macOS.release.xcconfig */,
			);
			name = Pods;
			sourceTree = "<group>";
		};
		E7C58C541EEEC27A00E73782 /* ZeroKit */ = {
			isa = PBXGroup;
			children = (
				E7C58C661EEECA5F00E73782 /* Backend.swift */,
				E7C58C551EEEC33D00E73782 /* ZeroKitAuth.swift */,
				E7C58C681EEECB4600E73782 /* ZeroKitManager.swift */,
				E7C58C6A1EEED35300E73782 /* Config.plist */,
			);
			path = ZeroKit;
			sourceTree = "<group>";
		};
		E7C58C581EEEC4EC00E73782 /* Products */ = {
			isa = PBXGroup;
			children = (
				E7C58C5E1EEEC4EC00E73782 /* ZeroKit.framework */,
				E7C58C601EEEC4EC00E73782 /* ZeroKitTests.xctest */,
			);
			name = Products;
			sourceTree = "<group>";
		};
		E84CF2A81CBC408000082C1A = {
			isa = PBXGroup;
			children = (
				E7C58C571EEEC4EC00E73782 /* ZeroKit.xcodeproj */,
				C23EB02B1D4634B700D3E0AC /* RealmTasks Shared */,
				225201931D3DD648009E45FA /* RealmTasks iOS */,
				E84CF2B21CBC408000082C1A /* Products */,
				D9AA8E5F2CAD771B3A811596 /* Pods */,
				81B55B6263666E5877BBC1B3 /* Frameworks */,
			);
			sourceTree = "<group>";
		};
		E84CF2B21CBC408000082C1A /* Products */ = {
			isa = PBXGroup;
			children = (
				E84CF2B11CBC408000082C1A /* RealmTasks.app */,
			);
			name = Products;
			sourceTree = "<group>";
		};
/* End PBXGroup section */

/* Begin PBXNativeTarget section */
		E84CF2B01CBC408000082C1A /* RealmTasks iOS */ = {
			isa = PBXNativeTarget;
			buildConfigurationList = E84CF2CE1CBC408000082C1A /* Build configuration list for PBXNativeTarget "RealmTasks iOS" */;
			buildPhases = (
				789B04D88DC0D5B1B7D3EEC8 /* [CP] Check Pods Manifest.lock */,
				C2E472211D3FDFDB00276542 /* Write local IP address */,
				E84CF2AD1CBC408000082C1A /* Sources */,
				E84CF2AE1CBC408000082C1A /* Frameworks */,
				E84CF2AF1CBC408000082C1A /* Resources */,
				B28F2455243335365C52C858 /* [CP] Embed Pods Frameworks */,
				F80B0F82C316A8061F9A1600 /* [CP] Copy Pods Resources */,
				22AD84861E262772002D5C48 /* SwiftLint */,
				E7C58C651EEEC4FD00E73782 /* Embed Frameworks */,
			);
			buildRules = (
			);
			dependencies = (
				E7C58C641EEEC4FD00E73782 /* PBXTargetDependency */,
			);
			name = "RealmTasks iOS";
			productName = RealmTasks;
			productReference = E84CF2B11CBC408000082C1A /* RealmTasks.app */;
			productType = "com.apple.product-type.application";
		};
/* End PBXNativeTarget section */

/* Begin PBXProject section */
		E84CF2A91CBC408000082C1A /* Project object */ = {
			isa = PBXProject;
			attributes = {
				LastSwiftUpdateCheck = 0730;
				LastUpgradeCheck = 0820;
				ORGANIZATIONNAME = Realm;
				TargetAttributes = {
					E84CF2B01CBC408000082C1A = {
						CreatedOnToolsVersion = 7.3;
						DevelopmentTeam = 4XL3X97RQ3;
						ProvisioningStyle = Automatic;
						SystemCapabilities = {
							com.apple.Keychain = {
								enabled = 1;
							};
						};
					};
				};
			};
			buildConfigurationList = E84CF2AC1CBC408000082C1A /* Build configuration list for PBXProject "RealmTasks" */;
			compatibilityVersion = "Xcode 3.2";
			developmentRegion = English;
			hasScannedForEncodings = 0;
			knownRegions = (
				en,
				Base,
			);
			mainGroup = E84CF2A81CBC408000082C1A;
			productRefGroup = E84CF2B21CBC408000082C1A /* Products */;
			projectDirPath = "";
			projectReferences = (
				{
					ProductGroup = E7C58C581EEEC4EC00E73782 /* Products */;
					ProjectRef = E7C58C571EEEC4EC00E73782 /* ZeroKit.xcodeproj */;
				},
			);
			projectRoot = "";
			targets = (
				E84CF2B01CBC408000082C1A /* RealmTasks iOS */,
			);
		};
/* End PBXProject section */

/* Begin PBXReferenceProxy section */
		E7C58C5E1EEEC4EC00E73782 /* ZeroKit.framework */ = {
			isa = PBXReferenceProxy;
			fileType = wrapper.framework;
			path = ZeroKit.framework;
			remoteRef = E7C58C5D1EEEC4EC00E73782 /* PBXContainerItemProxy */;
			sourceTree = BUILT_PRODUCTS_DIR;
		};
		E7C58C601EEEC4EC00E73782 /* ZeroKitTests.xctest */ = {
			isa = PBXReferenceProxy;
			fileType = wrapper.cfbundle;
			path = ZeroKitTests.xctest;
			remoteRef = E7C58C5F1EEEC4EC00E73782 /* PBXContainerItemProxy */;
			sourceTree = BUILT_PRODUCTS_DIR;
		};
/* End PBXReferenceProxy section */

/* Begin PBXResourcesBuildPhase section */
		E84CF2AF1CBC408000082C1A /* Resources */ = {
			isa = PBXResourcesBuildPhase;
			buildActionMask = 2147483647;
			files = (
				E7C58C6B1EEED35300E73782 /* Config.plist in Resources */,
				E7C58C6D1EF0021800E73782 /* Main.storyboard in Resources */,
				2252019F1D3DD648009E45FA /* iOS.xcassets in Resources */,
				225201A01D3DD648009E45FA /* LaunchScreen.storyboard in Resources */,
				C23EB02D1D4635C400D3E0AC /* Shared.xcassets in Resources */,
			);
			runOnlyForDeploymentPostprocessing = 0;
		};
/* End PBXResourcesBuildPhase section */

/* Begin PBXShellScriptBuildPhase section */
		22AD84861E262772002D5C48 /* SwiftLint */ = {
			isa = PBXShellScriptBuildPhase;
			buildActionMask = 2147483647;
			files = (
			);
			inputPaths = (
			);
			name = SwiftLint;
			outputPaths = (
			);
			runOnlyForDeploymentPostprocessing = 0;
			shellPath = /bin/sh;
			shellScript = Pods/SwiftLint/swiftlint;
		};
		789B04D88DC0D5B1B7D3EEC8 /* [CP] Check Pods Manifest.lock */ = {
			isa = PBXShellScriptBuildPhase;
			buildActionMask = 2147483647;
			files = (
			);
			inputPaths = (
			);
			name = "[CP] Check Pods Manifest.lock";
			outputPaths = (
			);
			runOnlyForDeploymentPostprocessing = 0;
			shellPath = /bin/sh;
			shellScript = "diff \"${PODS_PODFILE_DIR_PATH}/Podfile.lock\" \"${PODS_ROOT}/Manifest.lock\" > /dev/null\nif [ $? != 0 ] ; then\n    # print error to STDERR\n    echo \"error: The sandbox is not in sync with the Podfile.lock. Run 'pod install' or update your CocoaPods installation.\" >&2\n    exit 1\nfi\n";
			showEnvVarsInLog = 0;
		};
		B28F2455243335365C52C858 /* [CP] Embed Pods Frameworks */ = {
			isa = PBXShellScriptBuildPhase;
			buildActionMask = 2147483647;
			files = (
			);
			inputPaths = (
			);
			name = "[CP] Embed Pods Frameworks";
			outputPaths = (
			);
			runOnlyForDeploymentPostprocessing = 0;
			shellPath = /bin/sh;
			shellScript = "\"${SRCROOT}/Pods/Target Support Files/Pods-RealmTasks-RealmTasks iOS/Pods-RealmTasks-RealmTasks iOS-frameworks.sh\"\n";
			showEnvVarsInLog = 0;
		};
		C2E472211D3FDFDB00276542 /* Write local IP address */ = {
			isa = PBXShellScriptBuildPhase;
			buildActionMask = 2147483647;
			files = (
			);
			inputPaths = (
			);
			name = "Write local IP address";
			outputPaths = (
			);
			runOnlyForDeploymentPostprocessing = 0;
			shellPath = /bin/sh;
			shellScript = "LOCAL_IP_ADDR=$(ipconfig getifaddr $(netstat -f inet -rant | awk '/default/ { print $6; exit }'))\necho \"let localIPAddress = \\\"${LOCAL_IP_ADDR:-127.0.0.1}\\\"\" > \"$SRCROOT/RealmTasks Shared/LocalIPAddress.swift\"\n";
			showEnvVarsInLog = 0;
		};
		F80B0F82C316A8061F9A1600 /* [CP] Copy Pods Resources */ = {
			isa = PBXShellScriptBuildPhase;
			buildActionMask = 2147483647;
			files = (
			);
			inputPaths = (
			);
			name = "[CP] Copy Pods Resources";
			outputPaths = (
			);
			runOnlyForDeploymentPostprocessing = 0;
			shellPath = /bin/sh;
			shellScript = "\"${SRCROOT}/Pods/Target Support Files/Pods-RealmTasks-RealmTasks iOS/Pods-RealmTasks-RealmTasks iOS-resources.sh\"\n";
			showEnvVarsInLog = 0;
		};
/* End PBXShellScriptBuildPhase section */

/* Begin PBXSourcesBuildPhase section */
		E84CF2AD1CBC408000082C1A /* Sources */ = {
			isa = PBXSourcesBuildPhase;
			buildActionMask = 2147483647;
			files = (
				220C334A1D3DE1F40043A885 /* OnboardView.swift in Sources */,
				C2E472201D3FDF2E00276542 /* LocalIPAddress.swift in Sources */,
				225201A61D3DD648009E45FA /* ViewController.swift in Sources */,
				22092D861D5C5BCB0016E757 /* NavHintView.swift in Sources */,
				221324A71EAFFFD700FB22C9 /* CellDateLabel.swift in Sources */,
				E7C58C671EEECA5F00E73782 /* Backend.swift in Sources */,
				225201A51D3DD648009E45FA /* CellTextView.swift in Sources */,
				E8A1E6521D59360A00D8B04A /* SharedFunctionality.swift in Sources */,
				9C24AA071D8FEEB500192CE3 /* CellPresenter.swift in Sources */,
				C23EB0381D4643B900D3E0AC /* Constants.swift in Sources */,
				225201A31D3DD648009E45FA /* TableViewCell.swift in Sources */,
				E7C58C561EEEC33D00E73782 /* ZeroKitAuth.swift in Sources */,
				E8A1E6501D59354500D8B04A /* ContainerViewController.swift in Sources */,
				9C24AA0D1D8FFEA200192CE3 /* ListPresenter.swift in Sources */,
				9CDF4F1F1D9E745300EC051B /* UIView+constraints.swift in Sources */,
				2252019E1D3DD648009E45FA /* AppDelegate.swift in Sources */,
				E7C58C691EEECB4600E73782 /* ZeroKitManager.swift in Sources */,
				9CDF4F1D1D9E73AF00EC051B /* ViewControllerProtocol.swift in Sources */,
				225201A41D3DD648009E45FA /* Models.swift in Sources */,
				225201A21D3DD648009E45FA /* RealmColor.swift in Sources */,
				9C24AA0B1D8FFC0400192CE3 /* TablePresenter.swift in Sources */,
				C2E981E81DB4F27300288A2B /* NSAttributedString+Strikethrough.swift in Sources */,
			);
			runOnlyForDeploymentPostprocessing = 0;
		};
/* End PBXSourcesBuildPhase section */

/* Begin PBXTargetDependency section */
		E7C58C641EEEC4FD00E73782 /* PBXTargetDependency */ = {
			isa = PBXTargetDependency;
			name = ZeroKit;
			targetProxy = E7C58C631EEEC4FD00E73782 /* PBXContainerItemProxy */;
		};
/* End PBXTargetDependency section */

/* Begin PBXVariantGroup section */
		225201961D3DD648009E45FA /* LaunchScreen.storyboard */ = {
			isa = PBXVariantGroup;
			children = (
				225201971D3DD648009E45FA /* Base */,
			);
			name = LaunchScreen.storyboard;
			sourceTree = "<group>";
		};
/* End PBXVariantGroup section */

/* Begin XCBuildConfiguration section */
		E84CF2CC1CBC408000082C1A /* Debug */ = {
			isa = XCBuildConfiguration;
			buildSettings = {
				ALWAYS_SEARCH_USER_PATHS = NO;
				CLANG_ANALYZER_NONNULL = YES;
				CLANG_CXX_LANGUAGE_STANDARD = "gnu++0x";
				CLANG_CXX_LIBRARY = "libc++";
				CLANG_ENABLE_MODULES = YES;
				CLANG_ENABLE_OBJC_ARC = YES;
				CLANG_WARN_BOOL_CONVERSION = YES;
				CLANG_WARN_CONSTANT_CONVERSION = YES;
				CLANG_WARN_DIRECT_OBJC_ISA_USAGE = YES_ERROR;
				CLANG_WARN_EMPTY_BODY = YES;
				CLANG_WARN_ENUM_CONVERSION = YES;
				CLANG_WARN_INFINITE_RECURSION = YES;
				CLANG_WARN_INT_CONVERSION = YES;
				CLANG_WARN_OBJC_ROOT_CLASS = YES_ERROR;
				CLANG_WARN_SUSPICIOUS_MOVE = YES;
				CLANG_WARN_UNREACHABLE_CODE = YES;
				CLANG_WARN__DUPLICATE_METHOD_MATCH = YES;
				COPY_PHASE_STRIP = NO;
				DEBUG_INFORMATION_FORMAT = dwarf;
				ENABLE_STRICT_OBJC_MSGSEND = YES;
				ENABLE_TESTABILITY = YES;
				GCC_C_LANGUAGE_STANDARD = gnu99;
				GCC_DYNAMIC_NO_PIC = NO;
				GCC_NO_COMMON_BLOCKS = YES;
				GCC_OPTIMIZATION_LEVEL = 0;
				GCC_PREPROCESSOR_DEFINITIONS = (
					"DEBUG=1",
					"$(inherited)",
				);
				GCC_WARN_64_TO_32_BIT_CONVERSION = YES;
				GCC_WARN_ABOUT_RETURN_TYPE = YES_ERROR;
				GCC_WARN_UNDECLARED_SELECTOR = YES;
				GCC_WARN_UNINITIALIZED_AUTOS = YES_AGGRESSIVE;
				GCC_WARN_UNUSED_FUNCTION = YES;
				GCC_WARN_UNUSED_VARIABLE = YES;
				MTL_ENABLE_DEBUG_INFO = YES;
				ONLY_ACTIVE_ARCH = YES;
				OTHER_SWIFT_FLAGS = "-DDEBUG";
				PRODUCT_NAME = RealmTasks;
				SWIFT_OPTIMIZATION_LEVEL = "-Onone";
				SWIFT_VERSION = 3.0;
			};
			name = Debug;
		};
		E84CF2CD1CBC408000082C1A /* Release */ = {
			isa = XCBuildConfiguration;
			buildSettings = {
				ALWAYS_SEARCH_USER_PATHS = NO;
				CLANG_ANALYZER_NONNULL = YES;
				CLANG_CXX_LANGUAGE_STANDARD = "gnu++0x";
				CLANG_CXX_LIBRARY = "libc++";
				CLANG_ENABLE_MODULES = YES;
				CLANG_ENABLE_OBJC_ARC = YES;
				CLANG_WARN_BOOL_CONVERSION = YES;
				CLANG_WARN_CONSTANT_CONVERSION = YES;
				CLANG_WARN_DIRECT_OBJC_ISA_USAGE = YES_ERROR;
				CLANG_WARN_EMPTY_BODY = YES;
				CLANG_WARN_ENUM_CONVERSION = YES;
				CLANG_WARN_INFINITE_RECURSION = YES;
				CLANG_WARN_INT_CONVERSION = YES;
				CLANG_WARN_OBJC_ROOT_CLASS = YES_ERROR;
				CLANG_WARN_SUSPICIOUS_MOVE = YES;
				CLANG_WARN_UNREACHABLE_CODE = YES;
				CLANG_WARN__DUPLICATE_METHOD_MATCH = YES;
				COPY_PHASE_STRIP = NO;
				DEBUG_INFORMATION_FORMAT = "dwarf-with-dsym";
				ENABLE_NS_ASSERTIONS = NO;
				ENABLE_STRICT_OBJC_MSGSEND = YES;
				GCC_C_LANGUAGE_STANDARD = gnu99;
				GCC_NO_COMMON_BLOCKS = YES;
				GCC_WARN_64_TO_32_BIT_CONVERSION = YES;
				GCC_WARN_ABOUT_RETURN_TYPE = YES_ERROR;
				GCC_WARN_UNDECLARED_SELECTOR = YES;
				GCC_WARN_UNINITIALIZED_AUTOS = YES_AGGRESSIVE;
				GCC_WARN_UNUSED_FUNCTION = YES;
				GCC_WARN_UNUSED_VARIABLE = YES;
				MTL_ENABLE_DEBUG_INFO = NO;
				PRODUCT_NAME = RealmTasks;
				SWIFT_OPTIMIZATION_LEVEL = "-Owholemodule";
				SWIFT_VERSION = 3.0;
				VALIDATE_PRODUCT = YES;
			};
			name = Release;
		};
		E84CF2CF1CBC408000082C1A /* Debug */ = {
			isa = XCBuildConfiguration;
			baseConfigurationReference = 17DA89361AD60841411CAFF7 /* Pods-RealmTasks-RealmTasks iOS.debug.xcconfig */;
			buildSettings = {
				ALWAYS_EMBED_SWIFT_STANDARD_LIBRARIES = YES;
				ASSETCATALOG_COMPILER_APPICON_NAME = AppIcon;
				CODE_SIGN_ENTITLEMENTS = "RealmTasks iOS/RealmTasks-iOS.entitlements";
				CODE_SIGN_IDENTITY = "iPhone Developer";
				"CODE_SIGN_IDENTITY[sdk=iphoneos*]" = "iPhone Developer";
				DEVELOPMENT_TEAM = 4XL3X97RQ3;
				INFOPLIST_FILE = "$(SRCROOT)/$(TARGET_NAME)/Info.plist";
				IPHONEOS_DEPLOYMENT_TARGET = 9.3;
				LD_RUNPATH_SEARCH_PATHS = "$(inherited) @executable_path/Frameworks";
				PRODUCT_BUNDLE_IDENTIFIER = io.realm.realmtasks.ios;
				PROVISIONING_PROFILE_SPECIFIER = "";
				SDKROOT = iphoneos;
				TARGETED_DEVICE_FAMILY = "1,2";
			};
			name = Debug;
		};
		E84CF2D01CBC408000082C1A /* Release */ = {
			isa = XCBuildConfiguration;
			baseConfigurationReference = EDC6CD4F38C58ED9185076BF /* Pods-RealmTasks-RealmTasks iOS.release.xcconfig */;
			buildSettings = {
				ALWAYS_EMBED_SWIFT_STANDARD_LIBRARIES = YES;
				ASSETCATALOG_COMPILER_APPICON_NAME = AppIcon;
				CODE_SIGN_ENTITLEMENTS = "RealmTasks iOS/RealmTasks-iOS.entitlements";
				CODE_SIGN_IDENTITY = "iPhone Developer";
				"CODE_SIGN_IDENTITY[sdk=iphoneos*]" = "iPhone Developer";
				DEVELOPMENT_TEAM = 4XL3X97RQ3;
				INFOPLIST_FILE = "$(SRCROOT)/$(TARGET_NAME)/Info.plist";
				IPHONEOS_DEPLOYMENT_TARGET = 9.3;
				LD_RUNPATH_SEARCH_PATHS = "$(inherited) @executable_path/Frameworks";
				PRODUCT_BUNDLE_IDENTIFIER = io.realm.realmtasks.ios;
				PROVISIONING_PROFILE_SPECIFIER = "";
				SDKROOT = iphoneos;
				TARGETED_DEVICE_FAMILY = "1,2";
			};
			name = Release;
		};
/* End XCBuildConfiguration section */

/* Begin XCConfigurationList section */
		E84CF2AC1CBC408000082C1A /* Build configuration list for PBXProject "RealmTasks" */ = {
			isa = XCConfigurationList;
			buildConfigurations = (
				E84CF2CC1CBC408000082C1A /* Debug */,
				E84CF2CD1CBC408000082C1A /* Release */,
			);
			defaultConfigurationIsVisible = 0;
			defaultConfigurationName = Release;
		};
		E84CF2CE1CBC408000082C1A /* Build configuration list for PBXNativeTarget "RealmTasks iOS" */ = {
			isa = XCConfigurationList;
			buildConfigurations = (
				E84CF2CF1CBC408000082C1A /* Debug */,
				E84CF2D01CBC408000082C1A /* Release */,
			);
			defaultConfigurationIsVisible = 0;
			defaultConfigurationName = Release;
		};
/* End XCConfigurationList section */
	};
	rootObject = E84CF2A91CBC408000082C1A /* Project object */;
}
